// !$*UTF8*$!
{
	archiveVersion = 1;
	classes = {
	};
	objectVersion = 77;
	objects = {

/* Begin PBXBuildFile section */
		059C45512CEE0B5A00FB00DC /* AppDelegate.swift in Sources */ = {isa = PBXBuildFile; fileRef = 059C452D2CEE0B5A00FB00DC /* AppDelegate.swift */; };
		059C45522CEE0B5A00FB00DC /* SceneDelegate.swift in Sources */ = {isa = PBXBuildFile; fileRef = 059C45312CEE0B5A00FB00DC /* SceneDelegate.swift */; };
		059C45532CEE0B5A00FB00DC /* String+.swift in Sources */ = {isa = PBXBuildFile; fileRef = 059C45332CEE0B5A00FB00DC /* String+.swift */; };
		059C45542CEE0B5A00FB00DC /* UILabel+.swift in Sources */ = {isa = PBXBuildFile; fileRef = 059C45342CEE0B5A00FB00DC /* UILabel+.swift */; };
		059C45552CEE0B5A00FB00DC /* UIStackView+.swift in Sources */ = {isa = PBXBuildFile; fileRef = 059C45352CEE0B5A00FB00DC /* UIStackView+.swift */; };
		059C45562CEE0B5A00FB00DC /* UIView+.swift in Sources */ = {isa = PBXBuildFile; fileRef = 059C45362CEE0B5A00FB00DC /* UIView+.swift */; };
		059C45572CEE0B5A00FB00DC /* TSFont.swift in Sources */ = {isa = PBXBuildFile; fileRef = 059C453B2CEE0B5A00FB00DC /* TSFont.swift */; };
		059C45582CEE0B5A00FB00DC /* CounterView.swift in Sources */ = {isa = PBXBuildFile; fileRef = 059C453F2CEE0B5A00FB00DC /* CounterView.swift */; };
		059C45592CEE0B5A00FB00DC /* CustomSegmentControlView.swift in Sources */ = {isa = PBXBuildFile; fileRef = 059C45402CEE0B5A00FB00DC /* CustomSegmentControlView.swift */; };
		059C455A2CEE0B5A00FB00DC /* CounterType.swift in Sources */ = {isa = PBXBuildFile; fileRef = 059C45422CEE0B5A00FB00DC /* CounterType.swift */; };
		059C455B2CEE0B5A00FB00DC /* SegmentType.swift in Sources */ = {isa = PBXBuildFile; fileRef = 059C45432CEE0B5A00FB00DC /* SegmentType.swift */; };
		059C455C2CEE0B5A00FB00DC /* ScreenUtils.swift in Sources */ = {isa = PBXBuildFile; fileRef = 059C45452CEE0B5A00FB00DC /* ScreenUtils.swift */; };
		059C455D2CEE0B5A00FB00DC /* StringLiterals.swift in Sources */ = {isa = PBXBuildFile; fileRef = 059C45462CEE0B5A00FB00DC /* StringLiterals.swift */; };
		059C455E2CEE0B5A00FB00DC /* BaseNavViewController.swift in Sources */ = {isa = PBXBuildFile; fileRef = 059C45492CEE0B5A00FB00DC /* BaseNavViewController.swift */; };
		059C455F2CEE0B5A00FB00DC /* BaseViewController.swift in Sources */ = {isa = PBXBuildFile; fileRef = 059C454A2CEE0B5A00FB00DC /* BaseViewController.swift */; };
		059C45602CEE0B5A00FB00DC /* ViewController.swift in Sources */ = {isa = PBXBuildFile; fileRef = 059C454C2CEE0B5A00FB00DC /* ViewController.swift */; };
		059C45622CEE0B5A00FB00DC /* LaunchScreen.storyboard in Resources */ = {isa = PBXBuildFile; fileRef = 059C45302CEE0B5A00FB00DC /* LaunchScreen.storyboard */; };
		059C45632CEE0B5A00FB00DC /* AppleSDGothicNeo-Bold.ttf in Resources */ = {isa = PBXBuildFile; fileRef = 059C45382CEE0B5A00FB00DC /* AppleSDGothicNeo-Bold.ttf */; };
		059C45642CEE0B5A00FB00DC /* AppleSDGothicNeo-Regular.ttf in Resources */ = {isa = PBXBuildFile; fileRef = 059C45392CEE0B5A00FB00DC /* AppleSDGothicNeo-Regular.ttf */; };
		059C45652CEE0B5A00FB00DC /* AppleSDGothicNeo-SemiBold.ttf in Resources */ = {isa = PBXBuildFile; fileRef = 059C453A2CEE0B5A00FB00DC /* AppleSDGothicNeo-SemiBold.ttf */; };
		059C45662CEE0B5A00FB00DC /* Assets.xcassets in Resources */ = {isa = PBXBuildFile; fileRef = 059C453D2CEE0B5A00FB00DC /* Assets.xcassets */; };
		059C45682CEE0E6600FB00DC /* ReusableIdentifier+.swift in Sources */ = {isa = PBXBuildFile; fileRef = 059C45672CEE0E6600FB00DC /* ReusableIdentifier+.swift */; };
		059C45722CEE0F9B00FB00DC /* BaseTableViewCell.swift in Sources */ = {isa = PBXBuildFile; fileRef = 059C45712CEE0F9B00FB00DC /* BaseTableViewCell.swift */; };
		059C45742CEE107700FB00DC /* MenuOptionHeader.swift in Sources */ = {isa = PBXBuildFile; fileRef = 059C45732CEE107700FB00DC /* MenuOptionHeader.swift */; };
		059C45762CEE10D800FB00DC /* MenuOption.swift in Sources */ = {isa = PBXBuildFile; fileRef = 059C45752CEE10D800FB00DC /* MenuOption.swift */; };
		059C45782CEE113D00FB00DC /* MenuOptionSectionType.swift in Sources */ = {isa = PBXBuildFile; fileRef = 059C45772CEE113D00FB00DC /* MenuOptionSectionType.swift */; };
		059C457A2CEE16A200FB00DC /* MenuOptionHeaderView.swift in Sources */ = {isa = PBXBuildFile; fileRef = 059C45792CEE16A200FB00DC /* MenuOptionHeaderView.swift */; };
		059C457E2CEE18EF00FB00DC /* MenuOptionShotCell.swift in Sources */ = {isa = PBXBuildFile; fileRef = 059C457D2CEE18EF00FB00DC /* MenuOptionShotCell.swift */; };
		059C45812CEE199300FB00DC /* MenuOptionSyrupCell.swift in Sources */ = {isa = PBXBuildFile; fileRef = 059C45802CEE199300FB00DC /* MenuOptionSyrupCell.swift */; };
		059C45832CEE19EA00FB00DC /* MenuOptionWhippedCreamCell.swift in Sources */ = {isa = PBXBuildFile; fileRef = 059C45822CEE19EA00FB00DC /* MenuOptionWhippedCreamCell.swift */; };
		059C45852CEE1A3700FB00DC /* MenuOptionDrizzleCell.swift in Sources */ = {isa = PBXBuildFile; fileRef = 059C45842CEE1A3700FB00DC /* MenuOptionDrizzleCell.swift */; };
		059C45872CEE1A9F00FB00DC /* MenuOptionViewController.swift in Sources */ = {isa = PBXBuildFile; fileRef = 059C45862CEE1A9F00FB00DC /* MenuOptionViewController.swift */; };
		059C45892CEE1BBB00FB00DC /* CounterViewDelegate.swift in Sources */ = {isa = PBXBuildFile; fileRef = 059C45882CEE1BBB00FB00DC /* CounterViewDelegate.swift */; };
		059C46412CEF383A00FB00DC /* Aliases.swift in Sources */ = {isa = PBXBuildFile; fileRef = 059C46402CEF383A00FB00DC /* Aliases.swift */; };
		059C46432CEF406900FB00DC /* BaseView.swift in Sources */ = {isa = PBXBuildFile; fileRef = 059C46422CEF406900FB00DC /* BaseView.swift */; };
		05F736BA2CF0659D0030B7F5 /* CustomAlertViewController.swift in Sources */ = {isa = PBXBuildFile; fileRef = 05F736B92CF0659D0030B7F5 /* CustomAlertViewController.swift */; };
		7405D65E2CF5090300C1FC64 /* Config.swift in Sources */ = {isa = PBXBuildFile; fileRef = 7405D65C2CF5090300C1FC64 /* Config.swift */; };
		7405D6602CF50DCA00C1FC64 /* NetworkResult.swift in Sources */ = {isa = PBXBuildFile; fileRef = 7405D65F2CF50DC600C1FC64 /* NetworkResult.swift */; };
		7405D6622CF50EFB00C1FC64 /* TSPlugin.swift in Sources */ = {isa = PBXBuildFile; fileRef = 7405D6612CF50EF200C1FC64 /* TSPlugin.swift */; };
		7405D6682CF5109700C1FC64 /* APITarget.swift in Sources */ = {isa = PBXBuildFile; fileRef = 7405D6672CF5109400C1FC64 /* APITarget.swift */; };
		7405D66A2CF510B100C1FC64 /* APITarget+Menu.swift in Sources */ = {isa = PBXBuildFile; fileRef = 7405D6692CF510AA00C1FC64 /* APITarget+Menu.swift */; };
		7405D66C2CF513CE00C1FC64 /* DTO.swift in Sources */ = {isa = PBXBuildFile; fileRef = 7405D66B2CF513CC00C1FC64 /* DTO.swift */; };
		7405D6732CF5150300C1FC64 /* DTO+GetMenuInfoRequest.swift in Sources */ = {isa = PBXBuildFile; fileRef = 7405D6722CF514F800C1FC64 /* DTO+GetMenuInfoRequest.swift */; };
		7405D6752CF5151800C1FC64 /* DTO+PostLikedMenuRequest.swift in Sources */ = {isa = PBXBuildFile; fileRef = 7405D6742CF5150900C1FC64 /* DTO+PostLikedMenuRequest.swift */; };
		7405D6772CF5152600C1FC64 /* DTO+GetMenuInfoResponse.swift in Sources */ = {isa = PBXBuildFile; fileRef = 7405D6762CF5151E00C1FC64 /* DTO+GetMenuInfoResponse.swift */; };
		7405D6792CF5153600C1FC64 /* DTO+PostLikedMenuResponse.swift in Sources */ = {isa = PBXBuildFile; fileRef = 7405D6782CF5152C00C1FC64 /* DTO+PostLikedMenuResponse.swift */; };
		7405D67B2CF51B6300C1FC64 /* APITarget+Likes.swift in Sources */ = {isa = PBXBuildFile; fileRef = 7405D67A2CF51B5D00C1FC64 /* APITarget+Likes.swift */; };
		7405D67F2CF51BE600C1FC64 /* DTO+DeleteLikedMenuRequest.swift in Sources */ = {isa = PBXBuildFile; fileRef = 7405D67E2CF51BD800C1FC64 /* DTO+DeleteLikedMenuRequest.swift */; };
		7405D6812CF51C4D00C1FC64 /* DTO+GetLikedMenuResponse.swift in Sources */ = {isa = PBXBuildFile; fileRef = 7405D6802CF51C3D00C1FC64 /* DTO+GetLikedMenuResponse.swift */; };
		7405D6832CF51C5700C1FC64 /* DTO+DeleteLikedMenuResponse.swift in Sources */ = {isa = PBXBuildFile; fileRef = 7405D6822CF51C4F00C1FC64 /* DTO+DeleteLikedMenuResponse.swift */; };
		742A43CA2CE8918600535185 /* SnapKit in Frameworks */ = {isa = PBXBuildFile; productRef = 742A43C92CE8918600535185 /* SnapKit */; };
		742A43CF2CE8919300535185 /* Then in Frameworks */ = {isa = PBXBuildFile; productRef = 742A43CE2CE8919300535185 /* Then */; };
		74503A202CF420C800FE117F /* SheetUtils.swift in Sources */ = {isa = PBXBuildFile; fileRef = 74503A1F2CF420C200FE117F /* SheetUtils.swift */; };
		74503A242CF4481000FE117F /* ModalInfo.swift in Sources */ = {isa = PBXBuildFile; fileRef = 74503A232CF4480900FE117F /* ModalInfo.swift */; };
		746401E92CF0E7CF0042A302 /* SegmentButtonFactory.swift in Sources */ = {isa = PBXBuildFile; fileRef = 746401E82CF0E7C60042A302 /* SegmentButtonFactory.swift */; };
		74AEDF342CEFA0F800EB13A2 /* ModalView.swift in Sources */ = {isa = PBXBuildFile; fileRef = 74AEDF312CEFA0F800EB13A2 /* ModalView.swift */; };
		74AEDF352CEFA0F800EB13A2 /* ModalViewController.swift in Sources */ = {isa = PBXBuildFile; fileRef = 74AEDF2E2CEFA0F800EB13A2 /* ModalViewController.swift */; };
		74AEDF372CEFA43800EB13A2 /* UIViewController+.swift in Sources */ = {isa = PBXBuildFile; fileRef = 74AEDF362CEFA43800EB13A2 /* UIViewController+.swift */; };
		74AEDF3B2CF0951700EB13A2 /* SegmentControlStackView.swift in Sources */ = {isa = PBXBuildFile; fileRef = 74AEDF3A2CF0951000EB13A2 /* SegmentControlStackView.swift */; };
		74B7821D2CF501B900E46589 /* Moya in Frameworks */ = {isa = PBXBuildFile; productRef = 74B7821C2CF501B900E46589 /* Moya */; };
		B8B04A8A2CF0520900B9777B /* MenuDetailViewController.swift in Sources */ = {isa = PBXBuildFile; fileRef = B8B04A882CF0520900B9777B /* MenuDetailViewController.swift */; };
		B8B04A8F2CF0520900B9777B /* MenuDetail.swift in Sources */ = {isa = PBXBuildFile; fileRef = B8B04A812CF0520900B9777B /* MenuDetail.swift */; };
		B8B04A912CF056C500B9777B /* MenuDetailBottomView.swift in Sources */ = {isa = PBXBuildFile; fileRef = B8B04A902CF056C500B9777B /* MenuDetailBottomView.swift */; };
		B8B04A942CF0664700B9777B /* NutritionInfoTableViewCell.swift in Sources */ = {isa = PBXBuildFile; fileRef = B8B04A932CF0664700B9777B /* NutritionInfoTableViewCell.swift */; };
		B8B04A962CF0722400B9777B /* MenuInfoTableViewCell.swift in Sources */ = {isa = PBXBuildFile; fileRef = B8B04A952CF0722400B9777B /* MenuInfoTableViewCell.swift */; };
		B8B04A9A2CF0772300B9777B /* NutritionHeaderTableViewCell.swift in Sources */ = {isa = PBXBuildFile; fileRef = B8B04A992CF0772300B9777B /* NutritionHeaderTableViewCell.swift */; };
		B8B04A9F2CF0C7E100B9777B /* AllergyTableViewCell.swift in Sources */ = {isa = PBXBuildFile; fileRef = B8B04A9E2CF0C7E100B9777B /* AllergyTableViewCell.swift */; };
		B8B04B032CF4900800B9777B /* MenuDetailSectionType.swift in Sources */ = {isa = PBXBuildFile; fileRef = B8B04B012CF4900800B9777B /* MenuDetailSectionType.swift */; };
		B8B04B052CF4960600B9777B /* MenuStatusType.swift in Sources */ = {isa = PBXBuildFile; fileRef = B8B04B042CF4960600B9777B /* MenuStatusType.swift */; };
		B8B04B072CF4962F00B9777B /* CautionType.swift in Sources */ = {isa = PBXBuildFile; fileRef = B8B04B062CF4962F00B9777B /* CautionType.swift */; };
		B8D1B4212CEF8A80008B3871 /* MyMenuHeaderView.swift in Sources */ = {isa = PBXBuildFile; fileRef = B8D1B41D2CEF8A80008B3871 /* MyMenuHeaderView.swift */; };
		B8D1B4222CEF8A80008B3871 /* MyMenuCollectionViewCell.swift in Sources */ = {isa = PBXBuildFile; fileRef = B8D1B41B2CEF8A80008B3871 /* MyMenuCollectionViewCell.swift */; };
		B8D1B4232CEF8A80008B3871 /* MyMenuViewController.swift in Sources */ = {isa = PBXBuildFile; fileRef = B8D1B4172CEF8A80008B3871 /* MyMenuViewController.swift */; };
		B8D1B4242CEF8A80008B3871 /* MyMenuModalView.swift in Sources */ = {isa = PBXBuildFile; fileRef = B8D1B41E2CEF8A80008B3871 /* MyMenuModalView.swift */; };
		B8D1B4252CEF8A80008B3871 /* MyMenuItem.swift in Sources */ = {isa = PBXBuildFile; fileRef = B8D1B4192CEF8A80008B3871 /* MyMenuItem.swift */; };
		B8D1B4272CEF8A97008B3871 /* Int+.swift in Sources */ = {isa = PBXBuildFile; fileRef = B8D1B4262CEF8A97008B3871 /* Int+.swift */; };
/* End PBXBuildFile section */

/* Begin PBXFileReference section */
		059C452D2CEE0B5A00FB00DC /* AppDelegate.swift */ = {isa = PBXFileReference; lastKnownFileType = sourcecode.swift; path = AppDelegate.swift; sourceTree = "<group>"; };
		059C452E2CEE0B5A00FB00DC /* Info.plist */ = {isa = PBXFileReference; lastKnownFileType = text.plist.xml; path = Info.plist; sourceTree = "<group>"; };
		059C452F2CEE0B5A00FB00DC /* Base */ = {isa = PBXFileReference; lastKnownFileType = file.storyboard; name = Base; path = Base.lproj/LaunchScreen.storyboard; sourceTree = "<group>"; };
		059C45312CEE0B5A00FB00DC /* SceneDelegate.swift */ = {isa = PBXFileReference; lastKnownFileType = sourcecode.swift; path = SceneDelegate.swift; sourceTree = "<group>"; };
		059C45332CEE0B5A00FB00DC /* String+.swift */ = {isa = PBXFileReference; lastKnownFileType = sourcecode.swift; path = "String+.swift"; sourceTree = "<group>"; };
		059C45342CEE0B5A00FB00DC /* UILabel+.swift */ = {isa = PBXFileReference; lastKnownFileType = sourcecode.swift; path = "UILabel+.swift"; sourceTree = "<group>"; };
		059C45352CEE0B5A00FB00DC /* UIStackView+.swift */ = {isa = PBXFileReference; lastKnownFileType = sourcecode.swift; path = "UIStackView+.swift"; sourceTree = "<group>"; };
		059C45362CEE0B5A00FB00DC /* UIView+.swift */ = {isa = PBXFileReference; lastKnownFileType = sourcecode.swift; path = "UIView+.swift"; sourceTree = "<group>"; };
		059C45382CEE0B5A00FB00DC /* AppleSDGothicNeo-Bold.ttf */ = {isa = PBXFileReference; lastKnownFileType = file; path = "AppleSDGothicNeo-Bold.ttf"; sourceTree = "<group>"; };
		059C45392CEE0B5A00FB00DC /* AppleSDGothicNeo-Regular.ttf */ = {isa = PBXFileReference; lastKnownFileType = file; path = "AppleSDGothicNeo-Regular.ttf"; sourceTree = "<group>"; };
		059C453A2CEE0B5A00FB00DC /* AppleSDGothicNeo-SemiBold.ttf */ = {isa = PBXFileReference; lastKnownFileType = file; path = "AppleSDGothicNeo-SemiBold.ttf"; sourceTree = "<group>"; };
		059C453B2CEE0B5A00FB00DC /* TSFont.swift */ = {isa = PBXFileReference; lastKnownFileType = sourcecode.swift; path = TSFont.swift; sourceTree = "<group>"; };
		059C453D2CEE0B5A00FB00DC /* Assets.xcassets */ = {isa = PBXFileReference; lastKnownFileType = folder.assetcatalog; path = Assets.xcassets; sourceTree = "<group>"; };
		059C453F2CEE0B5A00FB00DC /* CounterView.swift */ = {isa = PBXFileReference; lastKnownFileType = sourcecode.swift; path = CounterView.swift; sourceTree = "<group>"; };
		059C45402CEE0B5A00FB00DC /* CustomSegmentControlView.swift */ = {isa = PBXFileReference; lastKnownFileType = sourcecode.swift; path = CustomSegmentControlView.swift; sourceTree = "<group>"; };
		059C45422CEE0B5A00FB00DC /* CounterType.swift */ = {isa = PBXFileReference; lastKnownFileType = sourcecode.swift; path = CounterType.swift; sourceTree = "<group>"; };
		059C45432CEE0B5A00FB00DC /* SegmentType.swift */ = {isa = PBXFileReference; lastKnownFileType = sourcecode.swift; path = SegmentType.swift; sourceTree = "<group>"; };
		059C45452CEE0B5A00FB00DC /* ScreenUtils.swift */ = {isa = PBXFileReference; lastKnownFileType = sourcecode.swift; path = ScreenUtils.swift; sourceTree = "<group>"; };
		059C45462CEE0B5A00FB00DC /* StringLiterals.swift */ = {isa = PBXFileReference; lastKnownFileType = sourcecode.swift; path = StringLiterals.swift; sourceTree = "<group>"; };
		059C45492CEE0B5A00FB00DC /* BaseNavViewController.swift */ = {isa = PBXFileReference; lastKnownFileType = sourcecode.swift; path = BaseNavViewController.swift; sourceTree = "<group>"; };
		059C454A2CEE0B5A00FB00DC /* BaseViewController.swift */ = {isa = PBXFileReference; lastKnownFileType = sourcecode.swift; path = BaseViewController.swift; sourceTree = "<group>"; };
		059C454C2CEE0B5A00FB00DC /* ViewController.swift */ = {isa = PBXFileReference; lastKnownFileType = sourcecode.swift; path = ViewController.swift; sourceTree = "<group>"; };
		059C45672CEE0E6600FB00DC /* ReusableIdentifier+.swift */ = {isa = PBXFileReference; lastKnownFileType = sourcecode.swift; path = "ReusableIdentifier+.swift"; sourceTree = "<group>"; };
		059C45712CEE0F9B00FB00DC /* BaseTableViewCell.swift */ = {isa = PBXFileReference; lastKnownFileType = sourcecode.swift; path = BaseTableViewCell.swift; sourceTree = "<group>"; };
		059C45732CEE107700FB00DC /* MenuOptionHeader.swift */ = {isa = PBXFileReference; lastKnownFileType = sourcecode.swift; path = MenuOptionHeader.swift; sourceTree = "<group>"; };
		059C45752CEE10D800FB00DC /* MenuOption.swift */ = {isa = PBXFileReference; lastKnownFileType = sourcecode.swift; path = MenuOption.swift; sourceTree = "<group>"; };
		059C45772CEE113D00FB00DC /* MenuOptionSectionType.swift */ = {isa = PBXFileReference; lastKnownFileType = sourcecode.swift; path = MenuOptionSectionType.swift; sourceTree = "<group>"; };
		059C45792CEE16A200FB00DC /* MenuOptionHeaderView.swift */ = {isa = PBXFileReference; lastKnownFileType = sourcecode.swift; path = MenuOptionHeaderView.swift; sourceTree = "<group>"; };
		059C457D2CEE18EF00FB00DC /* MenuOptionShotCell.swift */ = {isa = PBXFileReference; lastKnownFileType = sourcecode.swift; path = MenuOptionShotCell.swift; sourceTree = "<group>"; };
		059C45802CEE199300FB00DC /* MenuOptionSyrupCell.swift */ = {isa = PBXFileReference; lastKnownFileType = sourcecode.swift; path = MenuOptionSyrupCell.swift; sourceTree = "<group>"; };
		059C45822CEE19EA00FB00DC /* MenuOptionWhippedCreamCell.swift */ = {isa = PBXFileReference; lastKnownFileType = sourcecode.swift; path = MenuOptionWhippedCreamCell.swift; sourceTree = "<group>"; };
		059C45842CEE1A3700FB00DC /* MenuOptionDrizzleCell.swift */ = {isa = PBXFileReference; lastKnownFileType = sourcecode.swift; path = MenuOptionDrizzleCell.swift; sourceTree = "<group>"; };
		059C45862CEE1A9F00FB00DC /* MenuOptionViewController.swift */ = {isa = PBXFileReference; lastKnownFileType = sourcecode.swift; path = MenuOptionViewController.swift; sourceTree = "<group>"; };
		059C45882CEE1BBB00FB00DC /* CounterViewDelegate.swift */ = {isa = PBXFileReference; lastKnownFileType = sourcecode.swift; path = CounterViewDelegate.swift; sourceTree = "<group>"; };
		059C46402CEF383A00FB00DC /* Aliases.swift */ = {isa = PBXFileReference; lastKnownFileType = sourcecode.swift; path = Aliases.swift; sourceTree = "<group>"; };
		059C46422CEF406900FB00DC /* BaseView.swift */ = {isa = PBXFileReference; lastKnownFileType = sourcecode.swift; path = BaseView.swift; sourceTree = "<group>"; };
		05F736B92CF0659D0030B7F5 /* CustomAlertViewController.swift */ = {isa = PBXFileReference; lastKnownFileType = sourcecode.swift; path = CustomAlertViewController.swift; sourceTree = "<group>"; };
		7405D65C2CF5090300C1FC64 /* Config.swift */ = {isa = PBXFileReference; lastKnownFileType = sourcecode.swift; path = Config.swift; sourceTree = "<group>"; };
		7405D65F2CF50DC600C1FC64 /* NetworkResult.swift */ = {isa = PBXFileReference; lastKnownFileType = sourcecode.swift; path = NetworkResult.swift; sourceTree = "<group>"; };
		7405D6612CF50EF200C1FC64 /* TSPlugin.swift */ = {isa = PBXFileReference; lastKnownFileType = sourcecode.swift; path = TSPlugin.swift; sourceTree = "<group>"; };
		7405D6672CF5109400C1FC64 /* APITarget.swift */ = {isa = PBXFileReference; lastKnownFileType = sourcecode.swift; path = APITarget.swift; sourceTree = "<group>"; };
		7405D6692CF510AA00C1FC64 /* APITarget+Menu.swift */ = {isa = PBXFileReference; lastKnownFileType = sourcecode.swift; path = "APITarget+Menu.swift"; sourceTree = "<group>"; };
		7405D66B2CF513CC00C1FC64 /* DTO.swift */ = {isa = PBXFileReference; lastKnownFileType = sourcecode.swift; path = DTO.swift; sourceTree = "<group>"; };
		7405D6722CF514F800C1FC64 /* DTO+GetMenuInfoRequest.swift */ = {isa = PBXFileReference; lastKnownFileType = sourcecode.swift; path = "DTO+GetMenuInfoRequest.swift"; sourceTree = "<group>"; };
		7405D6742CF5150900C1FC64 /* DTO+PostLikedMenuRequest.swift */ = {isa = PBXFileReference; lastKnownFileType = sourcecode.swift; path = "DTO+PostLikedMenuRequest.swift"; sourceTree = "<group>"; };
		7405D6762CF5151E00C1FC64 /* DTO+GetMenuInfoResponse.swift */ = {isa = PBXFileReference; lastKnownFileType = sourcecode.swift; path = "DTO+GetMenuInfoResponse.swift"; sourceTree = "<group>"; };
		7405D6782CF5152C00C1FC64 /* DTO+PostLikedMenuResponse.swift */ = {isa = PBXFileReference; lastKnownFileType = sourcecode.swift; path = "DTO+PostLikedMenuResponse.swift"; sourceTree = "<group>"; };
		7405D67A2CF51B5D00C1FC64 /* APITarget+Likes.swift */ = {isa = PBXFileReference; lastKnownFileType = sourcecode.swift; path = "APITarget+Likes.swift"; sourceTree = "<group>"; };
		7405D67E2CF51BD800C1FC64 /* DTO+DeleteLikedMenuRequest.swift */ = {isa = PBXFileReference; lastKnownFileType = sourcecode.swift; path = "DTO+DeleteLikedMenuRequest.swift"; sourceTree = "<group>"; };
		7405D6802CF51C3D00C1FC64 /* DTO+GetLikedMenuResponse.swift */ = {isa = PBXFileReference; lastKnownFileType = sourcecode.swift; path = "DTO+GetLikedMenuResponse.swift"; sourceTree = "<group>"; };
		7405D6822CF51C4F00C1FC64 /* DTO+DeleteLikedMenuResponse.swift */ = {isa = PBXFileReference; lastKnownFileType = sourcecode.swift; path = "DTO+DeleteLikedMenuResponse.swift"; sourceTree = "<group>"; };
		742A43942CE88EA700535185 /* TWOSOMEHEART-iOS.app */ = {isa = PBXFileReference; explicitFileType = wrapper.application; includeInIndex = 0; path = "TWOSOMEHEART-iOS.app"; sourceTree = BUILT_PRODUCTS_DIR; };
		74503A1F2CF420C200FE117F /* SheetUtils.swift */ = {isa = PBXFileReference; lastKnownFileType = sourcecode.swift; path = SheetUtils.swift; sourceTree = "<group>"; };
		74503A232CF4480900FE117F /* ModalInfo.swift */ = {isa = PBXFileReference; lastKnownFileType = sourcecode.swift; path = ModalInfo.swift; sourceTree = "<group>"; };
		746401E82CF0E7C60042A302 /* SegmentButtonFactory.swift */ = {isa = PBXFileReference; lastKnownFileType = sourcecode.swift; path = SegmentButtonFactory.swift; sourceTree = "<group>"; };
		74AEDF2E2CEFA0F800EB13A2 /* ModalViewController.swift */ = {isa = PBXFileReference; lastKnownFileType = sourcecode.swift; path = ModalViewController.swift; sourceTree = "<group>"; };
		74AEDF312CEFA0F800EB13A2 /* ModalView.swift */ = {isa = PBXFileReference; lastKnownFileType = sourcecode.swift; path = ModalView.swift; sourceTree = "<group>"; };
		74AEDF362CEFA43800EB13A2 /* UIViewController+.swift */ = {isa = PBXFileReference; lastKnownFileType = sourcecode.swift; path = "UIViewController+.swift"; sourceTree = "<group>"; };
		74AEDF3A2CF0951000EB13A2 /* SegmentControlStackView.swift */ = {isa = PBXFileReference; lastKnownFileType = sourcecode.swift; path = SegmentControlStackView.swift; sourceTree = "<group>"; };
		B8B04A812CF0520900B9777B /* MenuDetail.swift */ = {isa = PBXFileReference; lastKnownFileType = sourcecode.swift; path = MenuDetail.swift; sourceTree = "<group>"; };
		B8B04A882CF0520900B9777B /* MenuDetailViewController.swift */ = {isa = PBXFileReference; lastKnownFileType = sourcecode.swift; path = MenuDetailViewController.swift; sourceTree = "<group>"; };
		B8B04A902CF056C500B9777B /* MenuDetailBottomView.swift */ = {isa = PBXFileReference; lastKnownFileType = sourcecode.swift; path = MenuDetailBottomView.swift; sourceTree = "<group>"; };
		B8B04A932CF0664700B9777B /* NutritionInfoTableViewCell.swift */ = {isa = PBXFileReference; lastKnownFileType = sourcecode.swift; path = NutritionInfoTableViewCell.swift; sourceTree = "<group>"; };
		B8B04A952CF0722400B9777B /* MenuInfoTableViewCell.swift */ = {isa = PBXFileReference; lastKnownFileType = sourcecode.swift; path = MenuInfoTableViewCell.swift; sourceTree = "<group>"; };
		B8B04A992CF0772300B9777B /* NutritionHeaderTableViewCell.swift */ = {isa = PBXFileReference; lastKnownFileType = sourcecode.swift; path = NutritionHeaderTableViewCell.swift; sourceTree = "<group>"; };
		B8B04A9E2CF0C7E100B9777B /* AllergyTableViewCell.swift */ = {isa = PBXFileReference; lastKnownFileType = sourcecode.swift; path = AllergyTableViewCell.swift; sourceTree = "<group>"; };
		B8B04B012CF4900800B9777B /* MenuDetailSectionType.swift */ = {isa = PBXFileReference; lastKnownFileType = sourcecode.swift; path = MenuDetailSectionType.swift; sourceTree = "<group>"; };
		B8B04B042CF4960600B9777B /* MenuStatusType.swift */ = {isa = PBXFileReference; lastKnownFileType = sourcecode.swift; path = MenuStatusType.swift; sourceTree = "<group>"; };
		B8B04B062CF4962F00B9777B /* CautionType.swift */ = {isa = PBXFileReference; lastKnownFileType = sourcecode.swift; path = CautionType.swift; sourceTree = "<group>"; };
		B8D1B4172CEF8A80008B3871 /* MyMenuViewController.swift */ = {isa = PBXFileReference; lastKnownFileType = sourcecode.swift; path = MyMenuViewController.swift; sourceTree = "<group>"; };
		B8D1B4192CEF8A80008B3871 /* MyMenuItem.swift */ = {isa = PBXFileReference; lastKnownFileType = sourcecode.swift; path = MyMenuItem.swift; sourceTree = "<group>"; };
		B8D1B41B2CEF8A80008B3871 /* MyMenuCollectionViewCell.swift */ = {isa = PBXFileReference; lastKnownFileType = sourcecode.swift; path = MyMenuCollectionViewCell.swift; sourceTree = "<group>"; };
		B8D1B41D2CEF8A80008B3871 /* MyMenuHeaderView.swift */ = {isa = PBXFileReference; lastKnownFileType = sourcecode.swift; path = MyMenuHeaderView.swift; sourceTree = "<group>"; };
		B8D1B41E2CEF8A80008B3871 /* MyMenuModalView.swift */ = {isa = PBXFileReference; lastKnownFileType = sourcecode.swift; path = MyMenuModalView.swift; sourceTree = "<group>"; };
		B8D1B4262CEF8A97008B3871 /* Int+.swift */ = {isa = PBXFileReference; lastKnownFileType = sourcecode.swift; path = "Int+.swift"; sourceTree = "<group>"; };
/* End PBXFileReference section */

/* Begin PBXFrameworksBuildPhase section */
		742A43912CE88EA700535185 /* Frameworks */ = {
			isa = PBXFrameworksBuildPhase;
			buildActionMask = 2147483647;
			files = (
				742A43CA2CE8918600535185 /* SnapKit in Frameworks */,
				742A43CF2CE8919300535185 /* Then in Frameworks */,
				74B7821D2CF501B900E46589 /* Moya in Frameworks */,
			);
			runOnlyForDeploymentPostprocessing = 0;
		};
/* End PBXFrameworksBuildPhase section */

/* Begin PBXGroup section */
		059C45322CEE0B5A00FB00DC /* Application */ = {
			isa = PBXGroup;
			children = (
				059C452D2CEE0B5A00FB00DC /* AppDelegate.swift */,
				059C452E2CEE0B5A00FB00DC /* Info.plist */,
				059C45302CEE0B5A00FB00DC /* LaunchScreen.storyboard */,
				059C45312CEE0B5A00FB00DC /* SceneDelegate.swift */,
			);
			path = Application;
			sourceTree = "<group>";
		};
		059C45372CEE0B5A00FB00DC /* Extensions */ = {
			isa = PBXGroup;
			children = (
				059C45332CEE0B5A00FB00DC /* String+.swift */,
				059C45342CEE0B5A00FB00DC /* UILabel+.swift */,
				059C45352CEE0B5A00FB00DC /* UIStackView+.swift */,
				B8D1B4262CEF8A97008B3871 /* Int+.swift */,
				059C45362CEE0B5A00FB00DC /* UIView+.swift */,
				059C45672CEE0E6600FB00DC /* ReusableIdentifier+.swift */,
				74AEDF362CEFA43800EB13A2 /* UIViewController+.swift */,
			);
			path = Extensions;
			sourceTree = "<group>";
		};
		059C453C2CEE0B5A00FB00DC /* Fonts */ = {
			isa = PBXGroup;
			children = (
				059C45382CEE0B5A00FB00DC /* AppleSDGothicNeo-Bold.ttf */,
				059C45392CEE0B5A00FB00DC /* AppleSDGothicNeo-Regular.ttf */,
				059C453A2CEE0B5A00FB00DC /* AppleSDGothicNeo-SemiBold.ttf */,
				059C453B2CEE0B5A00FB00DC /* TSFont.swift */,
			);
			path = Fonts;
			sourceTree = "<group>";
		};
		059C453E2CEE0B5A00FB00DC /* Resources */ = {
			isa = PBXGroup;
			children = (
				059C453C2CEE0B5A00FB00DC /* Fonts */,
				059C453D2CEE0B5A00FB00DC /* Assets.xcassets */,
			);
			path = Resources;
			sourceTree = "<group>";
		};
		059C45412CEE0B5A00FB00DC /* UIComponents */ = {
			isa = PBXGroup;
			children = (
				059C453F2CEE0B5A00FB00DC /* CounterView.swift */,
				059C45402CEE0B5A00FB00DC /* CustomSegmentControlView.swift */,
				05F736B92CF0659D0030B7F5 /* CustomAlertViewController.swift */,
			);
			path = UIComponents;
			sourceTree = "<group>";
		};
		059C45442CEE0B5A00FB00DC /* Enums */ = {
			isa = PBXGroup;
			children = (
				059C45422CEE0B5A00FB00DC /* CounterType.swift */,
				059C45432CEE0B5A00FB00DC /* SegmentType.swift */,
			);
			path = Enums;
			sourceTree = "<group>";
		};
		059C45472CEE0B5A00FB00DC /* Utils */ = {
			isa = PBXGroup;
			children = (
				74503A1F2CF420C200FE117F /* SheetUtils.swift */,
				746401E82CF0E7C60042A302 /* SegmentButtonFactory.swift */,
				059C45442CEE0B5A00FB00DC /* Enums */,
				059C46402CEF383A00FB00DC /* Aliases.swift */,
				059C45452CEE0B5A00FB00DC /* ScreenUtils.swift */,
				059C45462CEE0B5A00FB00DC /* StringLiterals.swift */,
			);
			path = Utils;
			sourceTree = "<group>";
		};
		059C45482CEE0B5A00FB00DC /* Global */ = {
			isa = PBXGroup;
			children = (
				059C45372CEE0B5A00FB00DC /* Extensions */,
				059C453E2CEE0B5A00FB00DC /* Resources */,
				059C45412CEE0B5A00FB00DC /* UIComponents */,
				059C45472CEE0B5A00FB00DC /* Utils */,
			);
			path = Global;
			sourceTree = "<group>";
		};
		059C454B2CEE0B5A00FB00DC /* Base */ = {
			isa = PBXGroup;
			children = (
				059C45492CEE0B5A00FB00DC /* BaseNavViewController.swift */,
				059C46422CEF406900FB00DC /* BaseView.swift */,
				059C454A2CEE0B5A00FB00DC /* BaseViewController.swift */,
				059C45712CEE0F9B00FB00DC /* BaseTableViewCell.swift */,
			);
			path = Base;
			sourceTree = "<group>";
		};
		059C454D2CEE0B5A00FB00DC /* Controller */ = {
			isa = PBXGroup;
			children = (
				059C454C2CEE0B5A00FB00DC /* ViewController.swift */,
			);
			path = Controller;
			sourceTree = "<group>";
		};
		059C454E2CEE0B5A00FB00DC /* DummyView */ = {
			isa = PBXGroup;
			children = (
				059C454D2CEE0B5A00FB00DC /* Controller */,
			);
			path = DummyView;
			sourceTree = "<group>";
		};
		059C454F2CEE0B5A00FB00DC /* Presentation */ = {
			isa = PBXGroup;
			children = (
				B8B04A892CF0520900B9777B /* MenuDetailView */,
				74AEDF332CEFA0F800EB13A2 /* ModalView */,
				B8D1B4202CEF8A80008B3871 /* MyMenuView */,
				059C45692CEE0F3A00FB00DC /* MenuOption */,
				059C454B2CEE0B5A00FB00DC /* Base */,
				059C454E2CEE0B5A00FB00DC /* DummyView */,
			);
			path = Presentation;
			sourceTree = "<group>";
		};
		059C45502CEE0B5A00FB00DC /* TWOSOMEHEART-iOS */ = {
			isa = PBXGroup;
			children = (
				059C45322CEE0B5A00FB00DC /* Application */,
				059C45482CEE0B5A00FB00DC /* Global */,
				059C454F2CEE0B5A00FB00DC /* Presentation */,
				7405D6552CF5055000C1FC64 /* Network */,
			);
			path = "TWOSOMEHEART-iOS";
			sourceTree = "<group>";
		};
		059C45692CEE0F3A00FB00DC /* MenuOption */ = {
			isa = PBXGroup;
			children = (
				059C45702CEE0F7D00FB00DC /* Protocol */,
				059C456F2CEE0F7400FB00DC /* Model */,
				059C456B2CEE0F5100FB00DC /* View */,
				059C456A2CEE0F4A00FB00DC /* Controller */,
			);
			path = MenuOption;
			sourceTree = "<group>";
		};
		059C456A2CEE0F4A00FB00DC /* Controller */ = {
			isa = PBXGroup;
			children = (
				059C45862CEE1A9F00FB00DC /* MenuOptionViewController.swift */,
			);
			path = Controller;
			sourceTree = "<group>";
		};
		059C456B2CEE0F5100FB00DC /* View */ = {
			isa = PBXGroup;
			children = (
				059C456C2CEE0F5900FB00DC /* Type */,
				059C456D2CEE0F6000FB00DC /* HeaderView */,
				059C456E2CEE0F6600FB00DC /* TableViewCell */,
			);
			path = View;
			sourceTree = "<group>";
		};
		059C456C2CEE0F5900FB00DC /* Type */ = {
			isa = PBXGroup;
			children = (
				059C45772CEE113D00FB00DC /* MenuOptionSectionType.swift */,
			);
			path = Type;
			sourceTree = "<group>";
		};
		059C456D2CEE0F6000FB00DC /* HeaderView */ = {
			isa = PBXGroup;
			children = (
				059C45792CEE16A200FB00DC /* MenuOptionHeaderView.swift */,
			);
			path = HeaderView;
			sourceTree = "<group>";
		};
		059C456E2CEE0F6600FB00DC /* TableViewCell */ = {
			isa = PBXGroup;
			children = (
				059C457D2CEE18EF00FB00DC /* MenuOptionShotCell.swift */,
				059C45802CEE199300FB00DC /* MenuOptionSyrupCell.swift */,
				059C45822CEE19EA00FB00DC /* MenuOptionWhippedCreamCell.swift */,
				059C45842CEE1A3700FB00DC /* MenuOptionDrizzleCell.swift */,
			);
			path = TableViewCell;
			sourceTree = "<group>";
		};
		059C456F2CEE0F7400FB00DC /* Model */ = {
			isa = PBXGroup;
			children = (
				059C45732CEE107700FB00DC /* MenuOptionHeader.swift */,
				059C45752CEE10D800FB00DC /* MenuOption.swift */,
			);
			path = Model;
			sourceTree = "<group>";
		};
		059C45702CEE0F7D00FB00DC /* Protocol */ = {
			isa = PBXGroup;
			children = (
				059C45882CEE1BBB00FB00DC /* CounterViewDelegate.swift */,
			);
			path = Protocol;
			sourceTree = "<group>";
		};
		7405D6552CF5055000C1FC64 /* Network */ = {
			isa = PBXGroup;
			children = (
				7405D66D2CF5148500C1FC64 /* DTO */,
				7405D6662CF5108900C1FC64 /* APITarget */,
				7405D65D2CF5090300C1FC64 /* Base */,
			);
			path = Network;
			sourceTree = "<group>";
		};
		7405D65D2CF5090300C1FC64 /* Base */ = {
			isa = PBXGroup;
			children = (
				7405D6612CF50EF200C1FC64 /* TSPlugin.swift */,
				7405D65F2CF50DC600C1FC64 /* NetworkResult.swift */,
				7405D65C2CF5090300C1FC64 /* Config.swift */,
			);
			path = Base;
			sourceTree = "<group>";
		};
		7405D6662CF5108900C1FC64 /* APITarget */ = {
			isa = PBXGroup;
			children = (
				7405D67A2CF51B5D00C1FC64 /* APITarget+Likes.swift */,
				7405D6692CF510AA00C1FC64 /* APITarget+Menu.swift */,
				7405D6672CF5109400C1FC64 /* APITarget.swift */,
			);
			path = APITarget;
			sourceTree = "<group>";
		};
		7405D66D2CF5148500C1FC64 /* DTO */ = {
			isa = PBXGroup;
			children = (
				7405D66B2CF513CC00C1FC64 /* DTO.swift */,
				7405D66F2CF514CE00C1FC64 /* Response */,
				7405D66E2CF514C600C1FC64 /* Request */,
			);
			path = DTO;
			sourceTree = "<group>";
		};
		7405D66E2CF514C600C1FC64 /* Request */ = {
			isa = PBXGroup;
			children = (
				7405D67E2CF51BD800C1FC64 /* DTO+DeleteLikedMenuRequest.swift */,
				7405D6742CF5150900C1FC64 /* DTO+PostLikedMenuRequest.swift */,
				7405D6722CF514F800C1FC64 /* DTO+GetMenuInfoRequest.swift */,
			);
			path = Request;
			sourceTree = "<group>";
		};
		7405D66F2CF514CE00C1FC64 /* Response */ = {
			isa = PBXGroup;
			children = (
				7405D6822CF51C4F00C1FC64 /* DTO+DeleteLikedMenuResponse.swift */,
				7405D6802CF51C3D00C1FC64 /* DTO+GetLikedMenuResponse.swift */,
				7405D6782CF5152C00C1FC64 /* DTO+PostLikedMenuResponse.swift */,
				7405D6762CF5151E00C1FC64 /* DTO+GetMenuInfoResponse.swift */,
			);
			path = Response;
			sourceTree = "<group>";
		};
		742A438B2CE88EA700535185 = {
			isa = PBXGroup;
			children = (
				059C45502CEE0B5A00FB00DC /* TWOSOMEHEART-iOS */,
				742A43952CE88EA700535185 /* Products */,
			);
			sourceTree = "<group>";
		};
		742A43952CE88EA700535185 /* Products */ = {
			isa = PBXGroup;
			children = (
				742A43942CE88EA700535185 /* TWOSOMEHEART-iOS.app */,
			);
			name = Products;
			sourceTree = "<group>";
		};
		74AEDF2F2CEFA0F800EB13A2 /* Controller */ = {
			isa = PBXGroup;
			children = (
				74AEDF2E2CEFA0F800EB13A2 /* ModalViewController.swift */,
			);
			path = Controller;
			sourceTree = "<group>";
		};
		74AEDF302CEFA0F800EB13A2 /* Model */ = {
			isa = PBXGroup;
			children = (
				74503A232CF4480900FE117F /* ModalInfo.swift */,
			);
			path = Model;
			sourceTree = "<group>";
		};
		74AEDF322CEFA0F800EB13A2 /* View */ = {
			isa = PBXGroup;
			children = (
				74AEDF3A2CF0951000EB13A2 /* SegmentControlStackView.swift */,
				74AEDF312CEFA0F800EB13A2 /* ModalView.swift */,
			);
			path = View;
			sourceTree = "<group>";
		};
		74AEDF332CEFA0F800EB13A2 /* ModalView */ = {
			isa = PBXGroup;
			children = (
				74AEDF2F2CEFA0F800EB13A2 /* Controller */,
				74AEDF302CEFA0F800EB13A2 /* Model */,
				74AEDF322CEFA0F800EB13A2 /* View */,
			);
			path = ModalView;
			sourceTree = "<group>";
		};
		B8B04A822CF0520900B9777B /* Model */ = {
			isa = PBXGroup;
			children = (
				B8B04A812CF0520900B9777B /* MenuDetail.swift */,
			);
			path = Model;
			sourceTree = "<group>";
		};
		B8B04A872CF0520900B9777B /* View */ = {
			isa = PBXGroup;
			children = (
				B8B04A922CF0660900B9777B /* Cell */,
				B8B04A902CF056C500B9777B /* MenuDetailBottomView.swift */,
			);
			path = View;
			sourceTree = "<group>";
		};
		B8B04A892CF0520900B9777B /* MenuDetailView */ = {
			isa = PBXGroup;
			children = (
				B8B04B022CF4900800B9777B /* Type */,
				B8B04AFD2CF398A700B9777B /* Controller */,
				B8B04A822CF0520900B9777B /* Model */,
				B8B04A872CF0520900B9777B /* View */,
			);
			path = MenuDetailView;
			sourceTree = "<group>";
		};
		B8B04A922CF0660900B9777B /* Cell */ = {
			isa = PBXGroup;
			children = (
				B8B04A932CF0664700B9777B /* NutritionInfoTableViewCell.swift */,
				B8B04A952CF0722400B9777B /* MenuInfoTableViewCell.swift */,
				B8B04A992CF0772300B9777B /* NutritionHeaderTableViewCell.swift */,
				B8B04A9E2CF0C7E100B9777B /* AllergyTableViewCell.swift */,
			);
			path = Cell;
			sourceTree = "<group>";
		};
		B8B04AFD2CF398A700B9777B /* Controller */ = {
			isa = PBXGroup;
			children = (
				B8B04A882CF0520900B9777B /* MenuDetailViewController.swift */,
			);
			path = Controller;
			sourceTree = "<group>";
		};
		B8B04B022CF4900800B9777B /* Type */ = {
			isa = PBXGroup;
			children = (
				B8B04B012CF4900800B9777B /* MenuDetailSectionType.swift */,
				B8B04B042CF4960600B9777B /* MenuStatusType.swift */,
				B8B04B062CF4962F00B9777B /* CautionType.swift */,
			);
			path = Type;
			sourceTree = "<group>";
		};
		B8D1B4182CEF8A80008B3871 /* Controller */ = {
			isa = PBXGroup;
			children = (
				B8D1B4172CEF8A80008B3871 /* MyMenuViewController.swift */,
			);
			path = Controller;
			sourceTree = "<group>";
		};
		B8D1B41A2CEF8A80008B3871 /* Model */ = {
			isa = PBXGroup;
			children = (
				B8D1B4192CEF8A80008B3871 /* MyMenuItem.swift */,
			);
			path = Model;
			sourceTree = "<group>";
		};
		B8D1B41C2CEF8A80008B3871 /* Cell */ = {
			isa = PBXGroup;
			children = (
				B8D1B41B2CEF8A80008B3871 /* MyMenuCollectionViewCell.swift */,
			);
			path = Cell;
			sourceTree = "<group>";
		};
		B8D1B41F2CEF8A80008B3871 /* View */ = {
			isa = PBXGroup;
			children = (
				B8D1B41C2CEF8A80008B3871 /* Cell */,
				B8D1B41D2CEF8A80008B3871 /* MyMenuHeaderView.swift */,
				B8D1B41E2CEF8A80008B3871 /* MyMenuModalView.swift */,
			);
			path = View;
			sourceTree = "<group>";
		};
		B8D1B4202CEF8A80008B3871 /* MyMenuView */ = {
			isa = PBXGroup;
			children = (
				B8D1B4182CEF8A80008B3871 /* Controller */,
				B8D1B41A2CEF8A80008B3871 /* Model */,
				B8D1B41F2CEF8A80008B3871 /* View */,
			);
			path = MyMenuView;
			sourceTree = "<group>";
		};
/* End PBXGroup section */

/* Begin PBXNativeTarget section */
		742A43932CE88EA700535185 /* TWOSOMEHEART-iOS */ = {
			isa = PBXNativeTarget;
			buildConfigurationList = 742A43A72CE88EAA00535185 /* Build configuration list for PBXNativeTarget "TWOSOMEHEART-iOS" */;
			buildPhases = (
				742A43902CE88EA700535185 /* Sources */,
				742A43912CE88EA700535185 /* Frameworks */,
				742A43922CE88EA700535185 /* Resources */,
			);
			buildRules = (
			);
			dependencies = (
			);
			name = "TWOSOMEHEART-iOS";
			packageProductDependencies = (
				742A43C92CE8918600535185 /* SnapKit */,
				742A43CE2CE8919300535185 /* Then */,
				74B7821C2CF501B900E46589 /* Moya */,
			);
			productName = "TWOSOMEHEART-iOS";
			productReference = 742A43942CE88EA700535185 /* TWOSOMEHEART-iOS.app */;
			productType = "com.apple.product-type.application";
		};
/* End PBXNativeTarget section */

/* Begin PBXProject section */
		742A438C2CE88EA700535185 /* Project object */ = {
			isa = PBXProject;
			attributes = {
				BuildIndependentTargetsInParallel = 1;
				LastSwiftUpdateCheck = 1600;
				LastUpgradeCheck = 1600;
				TargetAttributes = {
					742A43932CE88EA700535185 = {
						CreatedOnToolsVersion = 16.0;
					};
				};
			};
			buildConfigurationList = 742A438F2CE88EA700535185 /* Build configuration list for PBXProject "TWOSOMEHEART-iOS" */;
			developmentRegion = en;
			hasScannedForEncodings = 0;
			knownRegions = (
				en,
				Base,
			);
			mainGroup = 742A438B2CE88EA700535185;
			minimizedProjectReferenceProxies = 1;
			packageReferences = (
				742A43C82CE8918600535185 /* XCRemoteSwiftPackageReference "SnapKit" */,
				742A43CD2CE8919300535185 /* XCRemoteSwiftPackageReference "Then" */,
				74B7821B2CF501B900E46589 /* XCRemoteSwiftPackageReference "moya" */,
			);
			preferredProjectObjectVersion = 77;
			productRefGroup = 742A43952CE88EA700535185 /* Products */;
			projectDirPath = "";
			projectRoot = "";
			targets = (
				742A43932CE88EA700535185 /* TWOSOMEHEART-iOS */,
			);
		};
/* End PBXProject section */

/* Begin PBXResourcesBuildPhase section */
		742A43922CE88EA700535185 /* Resources */ = {
			isa = PBXResourcesBuildPhase;
			buildActionMask = 2147483647;
			files = (
				059C45622CEE0B5A00FB00DC /* LaunchScreen.storyboard in Resources */,
				059C45632CEE0B5A00FB00DC /* AppleSDGothicNeo-Bold.ttf in Resources */,
				059C45642CEE0B5A00FB00DC /* AppleSDGothicNeo-Regular.ttf in Resources */,
				059C45652CEE0B5A00FB00DC /* AppleSDGothicNeo-SemiBold.ttf in Resources */,
				059C45662CEE0B5A00FB00DC /* Assets.xcassets in Resources */,
			);
			runOnlyForDeploymentPostprocessing = 0;
		};
/* End PBXResourcesBuildPhase section */

/* Begin PBXSourcesBuildPhase section */
		742A43902CE88EA700535185 /* Sources */ = {
			isa = PBXSourcesBuildPhase;
			buildActionMask = 2147483647;
			files = (
				7405D6812CF51C4D00C1FC64 /* DTO+GetLikedMenuResponse.swift in Sources */,
				059C45512CEE0B5A00FB00DC /* AppDelegate.swift in Sources */,
				7405D67F2CF51BE600C1FC64 /* DTO+DeleteLikedMenuRequest.swift in Sources */,
				059C45522CEE0B5A00FB00DC /* SceneDelegate.swift in Sources */,
				059C46412CEF383A00FB00DC /* Aliases.swift in Sources */,
				059C45892CEE1BBB00FB00DC /* CounterViewDelegate.swift in Sources */,
				059C45782CEE113D00FB00DC /* MenuOptionSectionType.swift in Sources */,
				059C45682CEE0E6600FB00DC /* ReusableIdentifier+.swift in Sources */,
				B8B04B052CF4960600B9777B /* MenuStatusType.swift in Sources */,
				B8B04A942CF0664700B9777B /* NutritionInfoTableViewCell.swift in Sources */,
				B8B04B072CF4962F00B9777B /* CautionType.swift in Sources */,
				059C45532CEE0B5A00FB00DC /* String+.swift in Sources */,
				7405D67B2CF51B6300C1FC64 /* APITarget+Likes.swift in Sources */,
				059C45722CEE0F9B00FB00DC /* BaseTableViewCell.swift in Sources */,
				059C45542CEE0B5A00FB00DC /* UILabel+.swift in Sources */,
				059C45552CEE0B5A00FB00DC /* UIStackView+.swift in Sources */,
				059C45832CEE19EA00FB00DC /* MenuOptionWhippedCreamCell.swift in Sources */,
				059C45562CEE0B5A00FB00DC /* UIView+.swift in Sources */,
				B8B04A9F2CF0C7E100B9777B /* AllergyTableViewCell.swift in Sources */,
				B8D1B4212CEF8A80008B3871 /* MyMenuHeaderView.swift in Sources */,
				B8D1B4222CEF8A80008B3871 /* MyMenuCollectionViewCell.swift in Sources */,
				B8D1B4232CEF8A80008B3871 /* MyMenuViewController.swift in Sources */,
				B8B04A912CF056C500B9777B /* MenuDetailBottomView.swift in Sources */,
				74503A202CF420C800FE117F /* SheetUtils.swift in Sources */,
				7405D6832CF51C5700C1FC64 /* DTO+DeleteLikedMenuResponse.swift in Sources */,
				B8D1B4242CEF8A80008B3871 /* MyMenuModalView.swift in Sources */,
				B8D1B4252CEF8A80008B3871 /* MyMenuItem.swift in Sources */,
				059C45572CEE0B5A00FB00DC /* TSFont.swift in Sources */,
				059C45742CEE107700FB00DC /* MenuOptionHeader.swift in Sources */,
				74AEDF3B2CF0951700EB13A2 /* SegmentControlStackView.swift in Sources */,
				7405D66A2CF510B100C1FC64 /* APITarget+Menu.swift in Sources */,
				059C45582CEE0B5A00FB00DC /* CounterView.swift in Sources */,
				7405D6752CF5151800C1FC64 /* DTO+PostLikedMenuRequest.swift in Sources */,
				B8B04B032CF4900800B9777B /* MenuDetailSectionType.swift in Sources */,
				059C45592CEE0B5A00FB00DC /* CustomSegmentControlView.swift in Sources */,
				05F736BA2CF0659D0030B7F5 /* CustomAlertViewController.swift in Sources */,
				059C45812CEE199300FB00DC /* MenuOptionSyrupCell.swift in Sources */,
				059C455A2CEE0B5A00FB00DC /* CounterType.swift in Sources */,
				7405D6622CF50EFB00C1FC64 /* TSPlugin.swift in Sources */,
				746401E92CF0E7CF0042A302 /* SegmentButtonFactory.swift in Sources */,
				B8D1B4272CEF8A97008B3871 /* Int+.swift in Sources */,
				059C45872CEE1A9F00FB00DC /* MenuOptionViewController.swift in Sources */,
				059C45762CEE10D800FB00DC /* MenuOption.swift in Sources */,
				059C457A2CEE16A200FB00DC /* MenuOptionHeaderView.swift in Sources */,
				7405D66C2CF513CE00C1FC64 /* DTO.swift in Sources */,
				7405D65E2CF5090300C1FC64 /* Config.swift in Sources */,
				7405D6682CF5109700C1FC64 /* APITarget.swift in Sources */,
				059C455B2CEE0B5A00FB00DC /* SegmentType.swift in Sources */,
				059C455C2CEE0B5A00FB00DC /* ScreenUtils.swift in Sources */,
				B8B04A962CF0722400B9777B /* MenuInfoTableViewCell.swift in Sources */,
				059C455D2CEE0B5A00FB00DC /* StringLiterals.swift in Sources */,
				B8B04A8A2CF0520900B9777B /* MenuDetailViewController.swift in Sources */,
				B8B04A8F2CF0520900B9777B /* MenuDetail.swift in Sources */,
				059C455E2CEE0B5A00FB00DC /* BaseNavViewController.swift in Sources */,
				74503A242CF4481000FE117F /* ModalInfo.swift in Sources */,
				059C455F2CEE0B5A00FB00DC /* BaseViewController.swift in Sources */,
				B8B04A9A2CF0772300B9777B /* NutritionHeaderTableViewCell.swift in Sources */,
				7405D6772CF5152600C1FC64 /* DTO+GetMenuInfoResponse.swift in Sources */,
				059C45602CEE0B5A00FB00DC /* ViewController.swift in Sources */,
				74AEDF342CEFA0F800EB13A2 /* ModalView.swift in Sources */,
				7405D6732CF5150300C1FC64 /* DTO+GetMenuInfoRequest.swift in Sources */,
				74AEDF352CEFA0F800EB13A2 /* ModalViewController.swift in Sources */,
				74AEDF372CEFA43800EB13A2 /* UIViewController+.swift in Sources */,
				059C46432CEF406900FB00DC /* BaseView.swift in Sources */,
				059C45852CEE1A3700FB00DC /* MenuOptionDrizzleCell.swift in Sources */,
				059C457E2CEE18EF00FB00DC /* MenuOptionShotCell.swift in Sources */,
				7405D6602CF50DCA00C1FC64 /* NetworkResult.swift in Sources */,
				7405D6792CF5153600C1FC64 /* DTO+PostLikedMenuResponse.swift in Sources */,
			);
			runOnlyForDeploymentPostprocessing = 0;
		};
/* End PBXSourcesBuildPhase section */

/* Begin PBXVariantGroup section */
		059C45302CEE0B5A00FB00DC /* LaunchScreen.storyboard */ = {
			isa = PBXVariantGroup;
			children = (
				059C452F2CEE0B5A00FB00DC /* Base */,
			);
			name = LaunchScreen.storyboard;
			sourceTree = "<group>";
		};
/* End PBXVariantGroup section */

/* Begin XCBuildConfiguration section */
		742A43A82CE88EAA00535185 /* Debug */ = {
			isa = XCBuildConfiguration;
			buildSettings = {
				ASSETCATALOG_COMPILER_APPICON_NAME = AppIcon;
				ASSETCATALOG_COMPILER_GLOBAL_ACCENT_COLOR_NAME = AccentColor;
				BASE_URL = 223.130.135.50;
				CODE_SIGN_STYLE = Automatic;
				CURRENT_PROJECT_VERSION = 1;
				DEVELOPMENT_TEAM = JC4Z3JLFF7;
				GENERATE_INFOPLIST_FILE = YES;
				INFOPLIST_FILE = "TWOSOMEHEART-iOS/Application/Info.plist";
				INFOPLIST_KEY_UIApplicationSupportsIndirectInputEvents = YES;
				INFOPLIST_KEY_UILaunchStoryboardName = LaunchScreen;
				INFOPLIST_KEY_UISupportedInterfaceOrientations_iPad = "UIInterfaceOrientationPortrait UIInterfaceOrientationPortraitUpsideDown UIInterfaceOrientationLandscapeLeft UIInterfaceOrientationLandscapeRight";
				INFOPLIST_KEY_UISupportedInterfaceOrientations_iPhone = "UIInterfaceOrientationPortrait UIInterfaceOrientationLandscapeLeft UIInterfaceOrientationLandscapeRight";
				LD_RUNPATH_SEARCH_PATHS = (
					"$(inherited)",
					"@executable_path/Frameworks",
				);
				MARKETING_VERSION = 1.0;
				PRODUCT_BUNDLE_IDENTIFIER = "com.cirtuare.TWOSOMEHEART-iOS";
				PRODUCT_NAME = "$(TARGET_NAME)";
				SWIFT_EMIT_LOC_STRINGS = YES;
				SWIFT_VERSION = 5.0;
				TARGETED_DEVICE_FAMILY = "1,2";
			};
			name = Debug;
		};
		742A43A92CE88EAA00535185 /* Release */ = {
			isa = XCBuildConfiguration;
			buildSettings = {
				ASSETCATALOG_COMPILER_APPICON_NAME = AppIcon;
				ASSETCATALOG_COMPILER_GLOBAL_ACCENT_COLOR_NAME = AccentColor;
				BASE_URL = 223.130.135.50;
				CODE_SIGN_STYLE = Automatic;
				CURRENT_PROJECT_VERSION = 1;
				DEVELOPMENT_TEAM = JC4Z3JLFF7;
				GENERATE_INFOPLIST_FILE = YES;
				INFOPLIST_FILE = "TWOSOMEHEART-iOS/Application/Info.plist";
				INFOPLIST_KEY_UIApplicationSupportsIndirectInputEvents = YES;
				INFOPLIST_KEY_UILaunchStoryboardName = LaunchScreen;
				INFOPLIST_KEY_UISupportedInterfaceOrientations_iPad = "UIInterfaceOrientationPortrait UIInterfaceOrientationPortraitUpsideDown UIInterfaceOrientationLandscapeLeft UIInterfaceOrientationLandscapeRight";
				INFOPLIST_KEY_UISupportedInterfaceOrientations_iPhone = "UIInterfaceOrientationPortrait UIInterfaceOrientationLandscapeLeft UIInterfaceOrientationLandscapeRight";
				LD_RUNPATH_SEARCH_PATHS = (
					"$(inherited)",
					"@executable_path/Frameworks",
				);
				MARKETING_VERSION = 1.0;
				PRODUCT_BUNDLE_IDENTIFIER = "com.cirtuare.TWOSOMEHEART-iOS";
				PRODUCT_NAME = "$(TARGET_NAME)";
				SWIFT_EMIT_LOC_STRINGS = YES;
				SWIFT_VERSION = 5.0;
				TARGETED_DEVICE_FAMILY = "1,2";
			};
			name = Release;
		};
		742A43AA2CE88EAA00535185 /* Debug */ = {
			isa = XCBuildConfiguration;
			buildSettings = {
				ALWAYS_SEARCH_USER_PATHS = NO;
				ASSETCATALOG_COMPILER_GENERATE_SWIFT_ASSET_SYMBOL_EXTENSIONS = YES;
				CLANG_ANALYZER_NONNULL = YES;
				CLANG_ANALYZER_NUMBER_OBJECT_CONVERSION = YES_AGGRESSIVE;
				CLANG_CXX_LANGUAGE_STANDARD = "gnu++20";
				CLANG_ENABLE_MODULES = YES;
				CLANG_ENABLE_OBJC_ARC = YES;
				CLANG_ENABLE_OBJC_WEAK = YES;
				CLANG_WARN_BLOCK_CAPTURE_AUTORELEASING = YES;
				CLANG_WARN_BOOL_CONVERSION = YES;
				CLANG_WARN_COMMA = YES;
				CLANG_WARN_CONSTANT_CONVERSION = YES;
				CLANG_WARN_DEPRECATED_OBJC_IMPLEMENTATIONS = YES;
				CLANG_WARN_DIRECT_OBJC_ISA_USAGE = YES_ERROR;
				CLANG_WARN_DOCUMENTATION_COMMENTS = YES;
				CLANG_WARN_EMPTY_BODY = YES;
				CLANG_WARN_ENUM_CONVERSION = YES;
				CLANG_WARN_INFINITE_RECURSION = YES;
				CLANG_WARN_INT_CONVERSION = YES;
				CLANG_WARN_NON_LITERAL_NULL_CONVERSION = YES;
				CLANG_WARN_OBJC_IMPLICIT_RETAIN_SELF = YES;
				CLANG_WARN_OBJC_LITERAL_CONVERSION = YES;
				CLANG_WARN_OBJC_ROOT_CLASS = YES_ERROR;
				CLANG_WARN_QUOTED_INCLUDE_IN_FRAMEWORK_HEADER = YES;
				CLANG_WARN_RANGE_LOOP_ANALYSIS = YES;
				CLANG_WARN_STRICT_PROTOTYPES = YES;
				CLANG_WARN_SUSPICIOUS_MOVE = YES;
				CLANG_WARN_UNGUARDED_AVAILABILITY = YES_AGGRESSIVE;
				CLANG_WARN_UNREACHABLE_CODE = YES;
				CLANG_WARN__DUPLICATE_METHOD_MATCH = YES;
				COPY_PHASE_STRIP = NO;
				DEBUG_INFORMATION_FORMAT = dwarf;
				ENABLE_STRICT_OBJC_MSGSEND = YES;
				ENABLE_TESTABILITY = YES;
				ENABLE_USER_SCRIPT_SANDBOXING = YES;
				GCC_C_LANGUAGE_STANDARD = gnu17;
				GCC_DYNAMIC_NO_PIC = NO;
				GCC_NO_COMMON_BLOCKS = YES;
				GCC_OPTIMIZATION_LEVEL = 0;
				GCC_PREPROCESSOR_DEFINITIONS = (
					"DEBUG=1",
					"$(inherited)",
				);
				GCC_WARN_64_TO_32_BIT_CONVERSION = YES;
				GCC_WARN_ABOUT_RETURN_TYPE = YES_ERROR;
				GCC_WARN_UNDECLARED_SELECTOR = YES;
				GCC_WARN_UNINITIALIZED_AUTOS = YES_AGGRESSIVE;
				GCC_WARN_UNUSED_FUNCTION = YES;
				GCC_WARN_UNUSED_VARIABLE = YES;
				IPHONEOS_DEPLOYMENT_TARGET = 18.0;
				LOCALIZATION_PREFERS_STRING_CATALOGS = YES;
				MTL_ENABLE_DEBUG_INFO = INCLUDE_SOURCE;
				MTL_FAST_MATH = YES;
				ONLY_ACTIVE_ARCH = YES;
				SDKROOT = iphoneos;
				SWIFT_ACTIVE_COMPILATION_CONDITIONS = "DEBUG $(inherited)";
				SWIFT_OPTIMIZATION_LEVEL = "-Onone";
			};
			name = Debug;
		};
		742A43AB2CE88EAA00535185 /* Release */ = {
			isa = XCBuildConfiguration;
			buildSettings = {
				ALWAYS_SEARCH_USER_PATHS = NO;
				ASSETCATALOG_COMPILER_GENERATE_SWIFT_ASSET_SYMBOL_EXTENSIONS = YES;
				CLANG_ANALYZER_NONNULL = YES;
				CLANG_ANALYZER_NUMBER_OBJECT_CONVERSION = YES_AGGRESSIVE;
				CLANG_CXX_LANGUAGE_STANDARD = "gnu++20";
				CLANG_ENABLE_MODULES = YES;
				CLANG_ENABLE_OBJC_ARC = YES;
				CLANG_ENABLE_OBJC_WEAK = YES;
				CLANG_WARN_BLOCK_CAPTURE_AUTORELEASING = YES;
				CLANG_WARN_BOOL_CONVERSION = YES;
				CLANG_WARN_COMMA = YES;
				CLANG_WARN_CONSTANT_CONVERSION = YES;
				CLANG_WARN_DEPRECATED_OBJC_IMPLEMENTATIONS = YES;
				CLANG_WARN_DIRECT_OBJC_ISA_USAGE = YES_ERROR;
				CLANG_WARN_DOCUMENTATION_COMMENTS = YES;
				CLANG_WARN_EMPTY_BODY = YES;
				CLANG_WARN_ENUM_CONVERSION = YES;
				CLANG_WARN_INFINITE_RECURSION = YES;
				CLANG_WARN_INT_CONVERSION = YES;
				CLANG_WARN_NON_LITERAL_NULL_CONVERSION = YES;
				CLANG_WARN_OBJC_IMPLICIT_RETAIN_SELF = YES;
				CLANG_WARN_OBJC_LITERAL_CONVERSION = YES;
				CLANG_WARN_OBJC_ROOT_CLASS = YES_ERROR;
				CLANG_WARN_QUOTED_INCLUDE_IN_FRAMEWORK_HEADER = YES;
				CLANG_WARN_RANGE_LOOP_ANALYSIS = YES;
				CLANG_WARN_STRICT_PROTOTYPES = YES;
				CLANG_WARN_SUSPICIOUS_MOVE = YES;
				CLANG_WARN_UNGUARDED_AVAILABILITY = YES_AGGRESSIVE;
				CLANG_WARN_UNREACHABLE_CODE = YES;
				CLANG_WARN__DUPLICATE_METHOD_MATCH = YES;
				COPY_PHASE_STRIP = NO;
				DEBUG_INFORMATION_FORMAT = "dwarf-with-dsym";
				ENABLE_NS_ASSERTIONS = NO;
				ENABLE_STRICT_OBJC_MSGSEND = YES;
				ENABLE_USER_SCRIPT_SANDBOXING = YES;
				GCC_C_LANGUAGE_STANDARD = gnu17;
				GCC_NO_COMMON_BLOCKS = YES;
				GCC_WARN_64_TO_32_BIT_CONVERSION = YES;
				GCC_WARN_ABOUT_RETURN_TYPE = YES_ERROR;
				GCC_WARN_UNDECLARED_SELECTOR = YES;
				GCC_WARN_UNINITIALIZED_AUTOS = YES_AGGRESSIVE;
				GCC_WARN_UNUSED_FUNCTION = YES;
				GCC_WARN_UNUSED_VARIABLE = YES;
				IPHONEOS_DEPLOYMENT_TARGET = 18.0;
				LOCALIZATION_PREFERS_STRING_CATALOGS = YES;
				MTL_ENABLE_DEBUG_INFO = NO;
				MTL_FAST_MATH = YES;
				SDKROOT = iphoneos;
				SWIFT_COMPILATION_MODE = wholemodule;
				VALIDATE_PRODUCT = YES;
			};
			name = Release;
		};
/* End XCBuildConfiguration section */

/* Begin XCConfigurationList section */
		742A438F2CE88EA700535185 /* Build configuration list for PBXProject "TWOSOMEHEART-iOS" */ = {
			isa = XCConfigurationList;
			buildConfigurations = (
				742A43AA2CE88EAA00535185 /* Debug */,
				742A43AB2CE88EAA00535185 /* Release */,
			);
			defaultConfigurationIsVisible = 0;
			defaultConfigurationName = Release;
		};
		742A43A72CE88EAA00535185 /* Build configuration list for PBXNativeTarget "TWOSOMEHEART-iOS" */ = {
			isa = XCConfigurationList;
			buildConfigurations = (
				742A43A82CE88EAA00535185 /* Debug */,
				742A43A92CE88EAA00535185 /* Release */,
			);
			defaultConfigurationIsVisible = 0;
			defaultConfigurationName = Release;
		};
/* End XCConfigurationList section */

/* Begin XCRemoteSwiftPackageReference section */
		742A43C82CE8918600535185 /* XCRemoteSwiftPackageReference "SnapKit" */ = {
			isa = XCRemoteSwiftPackageReference;
			repositoryURL = "https://github.com/SnapKit/SnapKit";
			requirement = {
				kind = upToNextMajorVersion;
				minimumVersion = 5.7.1;
			};
		};
		742A43CD2CE8919300535185 /* XCRemoteSwiftPackageReference "Then" */ = {
			isa = XCRemoteSwiftPackageReference;
			repositoryURL = "https://github.com/devxoul/Then";
			requirement = {
				kind = upToNextMajorVersion;
				minimumVersion = 3.0.0;
			};
		};
		74B7821B2CF501B900E46589 /* XCRemoteSwiftPackageReference "moya" */ = {
			isa = XCRemoteSwiftPackageReference;
			repositoryURL = "https://github.com/moya/moya";
			requirement = {
				kind = upToNextMajorVersion;
				minimumVersion = 15.0.3;
			};
		};
/* End XCRemoteSwiftPackageReference section */

/* Begin XCSwiftPackageProductDependency section */
		742A43C92CE8918600535185 /* SnapKit */ = {
			isa = XCSwiftPackageProductDependency;
			package = 742A43C82CE8918600535185 /* XCRemoteSwiftPackageReference "SnapKit" */;
			productName = SnapKit;
		};
		742A43CE2CE8919300535185 /* Then */ = {
			isa = XCSwiftPackageProductDependency;
			package = 742A43CD2CE8919300535185 /* XCRemoteSwiftPackageReference "Then" */;
			productName = Then;
		};
		74B7821C2CF501B900E46589 /* Moya */ = {
			isa = XCSwiftPackageProductDependency;
			package = 74B7821B2CF501B900E46589 /* XCRemoteSwiftPackageReference "moya" */;
			productName = Moya;
		};
/* End XCSwiftPackageProductDependency section */
	};
	rootObject = 742A438C2CE88EA700535185 /* Project object */;
}
